PODS:
  - Alamofire (3.2.1)
  - Firebase (2.5.1)
  - FirebaseUI/Core (0.3.2):
    - Firebase (~> 2.2)
  - OHHTTPStubs (4.7.1):
    - OHHTTPStubs/Default (= 4.7.1)
  - OHHTTPStubs/Core (4.7.1)
  - OHHTTPStubs/Default (4.7.1):
    - OHHTTPStubs/Core
    - OHHTTPStubs/JSON
    - OHHTTPStubs/NSURLSession
    - OHHTTPStubs/OHPathHelpers
  - OHHTTPStubs/JSON (4.7.1):
    - OHHTTPStubs/Core
  - OHHTTPStubs/NSURLSession (4.7.1):
    - OHHTTPStubs/Core
  - OHHTTPStubs/OHPathHelpers (4.7.1)
  - OHHTTPStubs/Swift (4.7.1):
    - OHHTTPStubs/Core
  - SDWebImage (3.7.5):
    - SDWebImage/Core (= 3.7.5)
  - SDWebImage/Core (3.7.5)
  - SVProgressHUD (1.1.3)

DEPENDENCIES:
  - Alamofire (~> 3.1)
  - Firebase (~> 2.5)
  - FirebaseUI/Core (~> 0.3)
  - OHHTTPStubs
  - OHHTTPStubs/Swift
  - SDWebImage (~> 3.7)
  - SVProgressHUD

SPEC CHECKSUMS:
  Alamofire: f11d8624a05f5d39e0c99309b3e600a3ba64298a
  Firebase: 3565ea88b830f28f2c77ecc524622bc71a20d085
  FirebaseUI: 95621dce04f0313495c86e1fba503254e0ec48b1
  OHHTTPStubs: f7d1604d04d37d055460c0ef9af01bb249ded0fa
  SDWebImage: 69c6303e3348fba97e03f65d65d4fbc26740f461
  SVProgressHUD: 748080e4f36e603f6c02aec292664239df5279c1

COCOAPODS: 0.39.0
