// !$*UTF8*$!
{
	archiveVersion = 1;
	classes = {
	};
	objectVersion = 46;
	objects = {

/* Begin PBXBuildFile section */
		55CC0F50103E40E8FBBFACA5 /* Pods_mvvm_swift.framework in Frameworks */ = {isa = PBXBuildFile; fileRef = E25154351268087CCCE0F56A /* Pods_mvvm_swift.framework */; };
		B245E5841C8962DB0032437C /* Main.storyboard in Resources */ = {isa = PBXBuildFile; fileRef = B245E5821C8962DB0032437C /* Main.storyboard */; };
		B245E5941C8962DB0032437C /* mvvm_swiftTests.swift in Sources */ = {isa = PBXBuildFile; fileRef = B245E5931C8962DB0032437C /* mvvm_swiftTests.swift */; };
		B245E59F1C8962DB0032437C /* mvvm_swiftUITests.swift in Sources */ = {isa = PBXBuildFile; fileRef = B245E59E1C8962DB0032437C /* mvvm_swiftUITests.swift */; };
		B245E5B91C8965880032437C /* AppDelegate.swift in Sources */ = {isa = PBXBuildFile; fileRef = B245E5B51C8965880032437C /* AppDelegate.swift */; };
		B245E5BA1C8965880032437C /* Assets.xcassets in Resources */ = {isa = PBXBuildFile; fileRef = B245E5B61C8965880032437C /* Assets.xcassets */; };
		B245E5BB1C8965880032437C /* Info.plist in Resources */ = {isa = PBXBuildFile; fileRef = B245E5B71C8965880032437C /* Info.plist */; };
		B245E5BD1C89659A0032437C /* ViewController.swift in Sources */ = {isa = PBXBuildFile; fileRef = B245E5BC1C89659A0032437C /* ViewController.swift */; };
		B245E5C11C896AAB0032437C /* FirebaseController.swift in Sources */ = {isa = PBXBuildFile; fileRef = B245E5C01C896AAB0032437C /* FirebaseController.swift */; };
		B245E5C31C896C060032437C /* BaseModel.swift in Sources */ = {isa = PBXBuildFile; fileRef = B245E5C21C896C060032437C /* BaseModel.swift */; };
		B245E5C51C896C170032437C /* UserModel.swift in Sources */ = {isa = PBXBuildFile; fileRef = B245E5C41C896C170032437C /* UserModel.swift */; };
		B245E5C71C896CD60032437C /* LoginViewController.swift in Sources */ = {isa = PBXBuildFile; fileRef = B245E5C61C896CD60032437C /* LoginViewController.swift */; };
		B245E5CA1C896D5A0032437C /* LoginTextFieldTableViewCell.swift in Sources */ = {isa = PBXBuildFile; fileRef = B245E5C81C896D5A0032437C /* LoginTextFieldTableViewCell.swift */; };
		B245E5CB1C896D5A0032437C /* LoginTextFieldTableViewCell.xib in Resources */ = {isa = PBXBuildFile; fileRef = B245E5C91C896D5A0032437C /* LoginTextFieldTableViewCell.xib */; };
		B245E5CE1C896E0A0032437C /* UITextField+.swift in Sources */ = {isa = PBXBuildFile; fileRef = B245E5CD1C896E0A0032437C /* UITextField+.swift */; };
		B245E5D31C89718F0032437C /* BaseProvider.swift in Sources */ = {isa = PBXBuildFile; fileRef = B245E5D21C89718F0032437C /* BaseProvider.swift */; };
		B245E5D51C8971A20032437C /* LoginProvider.swift in Sources */ = {isa = PBXBuildFile; fileRef = B245E5D41C8971A20032437C /* LoginProvider.swift */; };
		B245E5D71C89EB4D0032437C /* UIStoryboard+.swift in Sources */ = {isa = PBXBuildFile; fileRef = B245E5D61C89EB4D0032437C /* UIStoryboard+.swift */; };
		B245E5D91C89EB650032437C /* UITableView+.swift in Sources */ = {isa = PBXBuildFile; fileRef = B245E5D81C89EB650032437C /* UITableView+.swift */; };
		B245E5DD1C89EBC80032437C /* BaseViewController.swift in Sources */ = {isa = PBXBuildFile; fileRef = B245E5DC1C89EBC80032437C /* BaseViewController.swift */; };
		B245E5E01C89ED9D0032437C /* TwoButtonTableViewCell.swift in Sources */ = {isa = PBXBuildFile; fileRef = B245E5DE1C89ED9D0032437C /* TwoButtonTableViewCell.swift */; };
		B245E5E11C89ED9D0032437C /* TwoButtonTableViewCell.xib in Resources */ = {isa = PBXBuildFile; fileRef = B245E5DF1C89ED9D0032437C /* TwoButtonTableViewCell.xib */; };
		B245E5E51C89F0F80032437C /* Constants.swift in Sources */ = {isa = PBXBuildFile; fileRef = B245E5E41C89F0F80032437C /* Constants.swift */; };
		B2E5C2511C8AC00A00EBDAC6 /* PersonModel.swift in Sources */ = {isa = PBXBuildFile; fileRef = B2E5C2501C8AC00900EBDAC6 /* PersonModel.swift */; };
		B2E5C2541C8AC0EB00EBDAC6 /* ImageHeaderSubheaderTableViewCell.swift in Sources */ = {isa = PBXBuildFile; fileRef = B2E5C2521C8AC0EB00EBDAC6 /* ImageHeaderSubheaderTableViewCell.swift */; };
		B2E5C2551C8AC0EB00EBDAC6 /* ImageHeaderSubheaderTableViewCell.xib in Resources */ = {isa = PBXBuildFile; fileRef = B2E5C2531C8AC0EB00EBDAC6 /* ImageHeaderSubheaderTableViewCell.xib */; };
		B2E5C2571C8AC30300EBDAC6 /* PersonProvider.swift in Sources */ = {isa = PBXBuildFile; fileRef = B2E5C2561C8AC30300EBDAC6 /* PersonProvider.swift */; };
		B2E5C25A1C8AC69900EBDAC6 /* people.json in Resources */ = {isa = PBXBuildFile; fileRef = B2E5C2591C8AC69900EBDAC6 /* people.json */; };
		B2E5C25C1C8B4C9A00EBDAC6 /* BaseViewModel.swift in Sources */ = {isa = PBXBuildFile; fileRef = B2E5C25B1C8B4C9A00EBDAC6 /* BaseViewModel.swift */; };
		B2E5C25E1C8B4CBC00EBDAC6 /* PersonImageHeaderCellViewModel.swift in Sources */ = {isa = PBXBuildFile; fileRef = B2E5C25D1C8B4CBC00EBDAC6 /* PersonImageHeaderCellViewModel.swift */; };
		DD83024AEC4B0AB45511A4F2 /* Pods_mvvm_swiftTests.framework in Frameworks */ = {isa = PBXBuildFile; fileRef = F61B3A766AFE383F8D5B0B9A /* Pods_mvvm_swiftTests.framework */; };
		E7B5980AC8F2DD84113394D4 /* Pods_mvvm_swiftUITests.framework in Frameworks */ = {isa = PBXBuildFile; fileRef = 46E1F0B3AF84F7984B722B2D /* Pods_mvvm_swiftUITests.framework */; };
/* End PBXBuildFile section */

/* Begin PBXContainerItemProxy section */
		B245E5901C8962DB0032437C /* PBXContainerItemProxy */ = {
			isa = PBXContainerItemProxy;
			containerPortal = B245E5731C8962DB0032437C /* Project object */;
			proxyType = 1;
			remoteGlobalIDString = B245E57A1C8962DB0032437C;
			remoteInfo = "mvvm-swift";
		};
		B245E59B1C8962DB0032437C /* PBXContainerItemProxy */ = {
			isa = PBXContainerItemProxy;
			containerPortal = B245E5731C8962DB0032437C /* Project object */;
			proxyType = 1;
			remoteGlobalIDString = B245E57A1C8962DB0032437C;
			remoteInfo = "mvvm-swift";
		};
/* End PBXContainerItemProxy section */

/* Begin PBXFileReference section */
		17FAB22836B8E316334CFE2D /* Pods-mvvm-swift.release.xcconfig */ = {isa = PBXFileReference; includeInIndex = 1; lastKnownFileType = text.xcconfig; name = "Pods-mvvm-swift.release.xcconfig"; path = "Pods/Target Support Files/Pods-mvvm-swift/Pods-mvvm-swift.release.xcconfig"; sourceTree = "<group>"; };
		2E0CF11A3EAD73BFD96C9EFC /* Pods-mvvm-swift.debug.xcconfig */ = {isa = PBXFileReference; includeInIndex = 1; lastKnownFileType = text.xcconfig; name = "Pods-mvvm-swift.debug.xcconfig"; path = "Pods/Target Support Files/Pods-mvvm-swift/Pods-mvvm-swift.debug.xcconfig"; sourceTree = "<group>"; };
		46E1F0B3AF84F7984B722B2D /* Pods_mvvm_swiftUITests.framework */ = {isa = PBXFileReference; explicitFileType = wrapper.framework; includeInIndex = 0; path = Pods_mvvm_swiftUITests.framework; sourceTree = BUILT_PRODUCTS_DIR; };
		9693E3F56280F27DE6DCA8D8 /* Pods-mvvm-swiftTests.release.xcconfig */ = {isa = PBXFileReference; includeInIndex = 1; lastKnownFileType = text.xcconfig; name = "Pods-mvvm-swiftTests.release.xcconfig"; path = "Pods/Target Support Files/Pods-mvvm-swiftTests/Pods-mvvm-swiftTests.release.xcconfig"; sourceTree = "<group>"; };
		A931EB5BB92B36AB6BB96501 /* Pods-mvvm-swiftTests.debug.xcconfig */ = {isa = PBXFileReference; includeInIndex = 1; lastKnownFileType = text.xcconfig; name = "Pods-mvvm-swiftTests.debug.xcconfig"; path = "Pods/Target Support Files/Pods-mvvm-swiftTests/Pods-mvvm-swiftTests.debug.xcconfig"; sourceTree = "<group>"; };
		B245E57B1C8962DB0032437C /* mvvm-swift.app */ = {isa = PBXFileReference; explicitFileType = wrapper.application; includeInIndex = 0; path = "mvvm-swift.app"; sourceTree = BUILT_PRODUCTS_DIR; };
		B245E5831C8962DB0032437C /* Base */ = {isa = PBXFileReference; lastKnownFileType = file.storyboard; name = Base; path = Base.lproj/Main.storyboard; sourceTree = "<group>"; };
		B245E58F1C8962DB0032437C /* mvvm-swiftTests.xctest */ = {isa = PBXFileReference; explicitFileType = wrapper.cfbundle; includeInIndex = 0; path = "mvvm-swiftTests.xctest"; sourceTree = BUILT_PRODUCTS_DIR; };
		B245E5931C8962DB0032437C /* mvvm_swiftTests.swift */ = {isa = PBXFileReference; lastKnownFileType = sourcecode.swift; path = mvvm_swiftTests.swift; sourceTree = "<group>"; };
		B245E5951C8962DB0032437C /* Info.plist */ = {isa = PBXFileReference; lastKnownFileType = text.plist.xml; path = Info.plist; sourceTree = "<group>"; };
		B245E59A1C8962DB0032437C /* mvvm-swiftUITests.xctest */ = {isa = PBXFileReference; explicitFileType = wrapper.cfbundle; includeInIndex = 0; path = "mvvm-swiftUITests.xctest"; sourceTree = BUILT_PRODUCTS_DIR; };
		B245E59E1C8962DB0032437C /* mvvm_swiftUITests.swift */ = {isa = PBXFileReference; lastKnownFileType = sourcecode.swift; path = mvvm_swiftUITests.swift; sourceTree = "<group>"; };
		B245E5A01C8962DB0032437C /* Info.plist */ = {isa = PBXFileReference; lastKnownFileType = text.plist.xml; path = Info.plist; sourceTree = "<group>"; };
		B245E5B51C8965880032437C /* AppDelegate.swift */ = {isa = PBXFileReference; fileEncoding = 4; lastKnownFileType = sourcecode.swift; name = AppDelegate.swift; path = Core/AppDelegate.swift; sourceTree = "<group>"; };
		B245E5B61C8965880032437C /* Assets.xcassets */ = {isa = PBXFileReference; lastKnownFileType = folder.assetcatalog; name = Assets.xcassets; path = Core/Assets.xcassets; sourceTree = "<group>"; };
		B245E5B71C8965880032437C /* Info.plist */ = {isa = PBXFileReference; fileEncoding = 4; lastKnownFileType = text.plist.xml; name = Info.plist; path = Core/Info.plist; sourceTree = "<group>"; };
		B245E5B81C8965880032437C /* mvvm-swift-Bridging-Header.h */ = {isa = PBXFileReference; fileEncoding = 4; lastKnownFileType = sourcecode.c.h; name = "mvvm-swift-Bridging-Header.h"; path = "Core/mvvm-swift-Bridging-Header.h"; sourceTree = "<group>"; };
		B245E5BC1C89659A0032437C /* ViewController.swift */ = {isa = PBXFileReference; fileEncoding = 4; lastKnownFileType = sourcecode.swift; name = ViewController.swift; path = ViewControllers/ViewController.swift; sourceTree = "<group>"; };
		B245E5C01C896AAB0032437C /* FirebaseController.swift */ = {isa = PBXFileReference; fileEncoding = 4; lastKnownFileType = sourcecode.swift; name = FirebaseController.swift; path = Controllers/FirebaseController.swift; sourceTree = "<group>"; };
		B245E5C21C896C060032437C /* BaseModel.swift */ = {isa = PBXFileReference; fileEncoding = 4; lastKnownFileType = sourcecode.swift; name = BaseModel.swift; path = Models/BaseModel.swift; sourceTree = "<group>"; };
		B245E5C41C896C170032437C /* UserModel.swift */ = {isa = PBXFileReference; fileEncoding = 4; lastKnownFileType = sourcecode.swift; name = UserModel.swift; path = Models/UserModel.swift; sourceTree = "<group>"; };
		B245E5C61C896CD60032437C /* LoginViewController.swift */ = {isa = PBXFileReference; fileEncoding = 4; lastKnownFileType = sourcecode.swift; name = LoginViewController.swift; path = ViewControllers/LoginViewController.swift; sourceTree = "<group>"; };
		B245E5C81C896D5A0032437C /* LoginTextFieldTableViewCell.swift */ = {isa = PBXFileReference; fileEncoding = 4; lastKnownFileType = sourcecode.swift; name = LoginTextFieldTableViewCell.swift; path = Views/LoginTextFieldTableViewCell.swift; sourceTree = "<group>"; };
		B245E5C91C896D5A0032437C /* LoginTextFieldTableViewCell.xib */ = {isa = PBXFileReference; fileEncoding = 4; lastKnownFileType = file.xib; name = LoginTextFieldTableViewCell.xib; path = Views/LoginTextFieldTableViewCell.xib; sourceTree = "<group>"; };
		B245E5CD1C896E0A0032437C /* UITextField+.swift */ = {isa = PBXFileReference; fileEncoding = 4; lastKnownFileType = sourcecode.swift; name = "UITextField+.swift"; path = "Core/Utilities/UITextField+.swift"; sourceTree = "<group>"; };
		B245E5D21C89718F0032437C /* BaseProvider.swift */ = {isa = PBXFileReference; fileEncoding = 4; lastKnownFileType = sourcecode.swift; name = BaseProvider.swift; path = Providers/BaseProvider.swift; sourceTree = "<group>"; };
		B245E5D41C8971A20032437C /* LoginProvider.swift */ = {isa = PBXFileReference; fileEncoding = 4; lastKnownFileType = sourcecode.swift; name = LoginProvider.swift; path = Providers/LoginProvider.swift; sourceTree = "<group>"; };
		B245E5D61C89EB4D0032437C /* UIStoryboard+.swift */ = {isa = PBXFileReference; fileEncoding = 4; lastKnownFileType = sourcecode.swift; name = "UIStoryboard+.swift"; path = "Core/Utilities/UIStoryboard+.swift"; sourceTree = "<group>"; };
		B245E5D81C89EB650032437C /* UITableView+.swift */ = {isa = PBXFileReference; fileEncoding = 4; lastKnownFileType = sourcecode.swift; name = "UITableView+.swift"; path = "Core/Utilities/UITableView+.swift"; sourceTree = "<group>"; };
		B245E5DC1C89EBC80032437C /* BaseViewController.swift */ = {isa = PBXFileReference; fileEncoding = 4; lastKnownFileType = sourcecode.swift; name = BaseViewController.swift; path = ViewControllers/BaseViewController.swift; sourceTree = "<group>"; };
		B245E5DE1C89ED9D0032437C /* TwoButtonTableViewCell.swift */ = {isa = PBXFileReference; fileEncoding = 4; lastKnownFileType = sourcecode.swift; name = TwoButtonTableViewCell.swift; path = Views/TwoButtonTableViewCell.swift; sourceTree = "<group>"; };
		B245E5DF1C89ED9D0032437C /* TwoButtonTableViewCell.xib */ = {isa = PBXFileReference; fileEncoding = 4; lastKnownFileType = file.xib; name = TwoButtonTableViewCell.xib; path = Views/TwoButtonTableViewCell.xib; sourceTree = "<group>"; };
		B245E5E41C89F0F80032437C /* Constants.swift */ = {isa = PBXFileReference; fileEncoding = 4; lastKnownFileType = sourcecode.swift; name = Constants.swift; path = Core/Utilities/Constants.swift; sourceTree = "<group>"; };
		B2E5C2501C8AC00900EBDAC6 /* PersonModel.swift */ = {isa = PBXFileReference; fileEncoding = 4; lastKnownFileType = sourcecode.swift; name = PersonModel.swift; path = Models/PersonModel.swift; sourceTree = "<group>"; };
		B2E5C2521C8AC0EB00EBDAC6 /* ImageHeaderSubheaderTableViewCell.swift */ = {isa = PBXFileReference; fileEncoding = 4; lastKnownFileType = sourcecode.swift; name = ImageHeaderSubheaderTableViewCell.swift; path = Views/ImageHeaderSubheaderTableViewCell.swift; sourceTree = "<group>"; };
		B2E5C2531C8AC0EB00EBDAC6 /* ImageHeaderSubheaderTableViewCell.xib */ = {isa = PBXFileReference; fileEncoding = 4; lastKnownFileType = file.xib; name = ImageHeaderSubheaderTableViewCell.xib; path = Views/ImageHeaderSubheaderTableViewCell.xib; sourceTree = "<group>"; };
		B2E5C2561C8AC30300EBDAC6 /* PersonProvider.swift */ = {isa = PBXFileReference; fileEncoding = 4; lastKnownFileType = sourcecode.swift; name = PersonProvider.swift; path = Providers/PersonProvider.swift; sourceTree = "<group>"; };
		B2E5C2591C8AC69900EBDAC6 /* people.json */ = {isa = PBXFileReference; fileEncoding = 4; lastKnownFileType = text.json; name = people.json; path = Mockers/people.json; sourceTree = "<group>"; };
		B2E5C25B1C8B4C9A00EBDAC6 /* BaseViewModel.swift */ = {isa = PBXFileReference; fileEncoding = 4; lastKnownFileType = sourcecode.swift; name = BaseViewModel.swift; path = ViewModels/BaseViewModel.swift; sourceTree = "<group>"; };
		B2E5C25D1C8B4CBC00EBDAC6 /* PersonImageHeaderCellViewModel.swift */ = {isa = PBXFileReference; fileEncoding = 4; lastKnownFileType = sourcecode.swift; name = PersonImageHeaderCellViewModel.swift; path = ViewModels/PersonImageHeaderCellViewModel.swift; sourceTree = "<group>"; };
		CC769C98D04A4FE472C6C93E /* Pods-mvvm-swiftUITests.debug.xcconfig */ = {isa = PBXFileReference; includeInIndex = 1; lastKnownFileType = text.xcconfig; name = "Pods-mvvm-swiftUITests.debug.xcconfig"; path = "Pods/Target Support Files/Pods-mvvm-swiftUITests/Pods-mvvm-swiftUITests.debug.xcconfig"; sourceTree = "<group>"; };
		E25154351268087CCCE0F56A /* Pods_mvvm_swift.framework */ = {isa = PBXFileReference; explicitFileType = wrapper.framework; includeInIndex = 0; path = Pods_mvvm_swift.framework; sourceTree = BUILT_PRODUCTS_DIR; };
		F61B3A766AFE383F8D5B0B9A /* Pods_mvvm_swiftTests.framework */ = {isa = PBXFileReference; explicitFileType = wrapper.framework; includeInIndex = 0; path = Pods_mvvm_swiftTests.framework; sourceTree = BUILT_PRODUCTS_DIR; };
		FE857CC1BBF7C9D3A65915ED /* Pods-mvvm-swiftUITests.release.xcconfig */ = {isa = PBXFileReference; includeInIndex = 1; lastKnownFileType = text.xcconfig; name = "Pods-mvvm-swiftUITests.release.xcconfig"; path = "Pods/Target Support Files/Pods-mvvm-swiftUITests/Pods-mvvm-swiftUITests.release.xcconfig"; sourceTree = "<group>"; };
/* End PBXFileReference section */

/* Begin PBXFrameworksBuildPhase section */
		B245E5781C8962DB0032437C /* Frameworks */ = {
			isa = PBXFrameworksBuildPhase;
			buildActionMask = 2147483647;
			files = (
				55CC0F50103E40E8FBBFACA5 /* Pods_mvvm_swift.framework in Frameworks */,
			);
			runOnlyForDeploymentPostprocessing = 0;
		};
		B245E58C1C8962DB0032437C /* Frameworks */ = {
			isa = PBXFrameworksBuildPhase;
			buildActionMask = 2147483647;
			files = (
				DD83024AEC4B0AB45511A4F2 /* Pods_mvvm_swiftTests.framework in Frameworks */,
			);
			runOnlyForDeploymentPostprocessing = 0;
		};
		B245E5971C8962DB0032437C /* Frameworks */ = {
			isa = PBXFrameworksBuildPhase;
			buildActionMask = 2147483647;
			files = (
				E7B5980AC8F2DD84113394D4 /* Pods_mvvm_swiftUITests.framework in Frameworks */,
			);
			runOnlyForDeploymentPostprocessing = 0;
		};
/* End PBXFrameworksBuildPhase section */

/* Begin PBXGroup section */
		61721AC9BEE724E4100EF754 /* Pods */ = {
			isa = PBXGroup;
			children = (
				2E0CF11A3EAD73BFD96C9EFC /* Pods-mvvm-swift.debug.xcconfig */,
				17FAB22836B8E316334CFE2D /* Pods-mvvm-swift.release.xcconfig */,
				A931EB5BB92B36AB6BB96501 /* Pods-mvvm-swiftTests.debug.xcconfig */,
				9693E3F56280F27DE6DCA8D8 /* Pods-mvvm-swiftTests.release.xcconfig */,
				CC769C98D04A4FE472C6C93E /* Pods-mvvm-swiftUITests.debug.xcconfig */,
				FE857CC1BBF7C9D3A65915ED /* Pods-mvvm-swiftUITests.release.xcconfig */,
			);
			name = Pods;
			sourceTree = "<group>";
		};
		A9AF437A6EBB7ED5C72622CE /* Frameworks */ = {
			isa = PBXGroup;
			children = (
				E25154351268087CCCE0F56A /* Pods_mvvm_swift.framework */,
				F61B3A766AFE383F8D5B0B9A /* Pods_mvvm_swiftTests.framework */,
				46E1F0B3AF84F7984B722B2D /* Pods_mvvm_swiftUITests.framework */,
			);
			name = Frameworks;
			sourceTree = "<group>";
		};
		B245E5721C8962DB0032437C = {
			isa = PBXGroup;
			children = (
				B245E57D1C8962DB0032437C /* mvvm-swift */,
				B245E5921C8962DB0032437C /* mvvm-swiftTests */,
				B245E59D1C8962DB0032437C /* mvvm-swiftUITests */,
				B245E57C1C8962DB0032437C /* Products */,
				61721AC9BEE724E4100EF754 /* Pods */,
				A9AF437A6EBB7ED5C72622CE /* Frameworks */,
			);
			sourceTree = "<group>";
		};
		B245E57C1C8962DB0032437C /* Products */ = {
			isa = PBXGroup;
			children = (
				B245E57B1C8962DB0032437C /* mvvm-swift.app */,
				B245E58F1C8962DB0032437C /* mvvm-swiftTests.xctest */,
				B245E59A1C8962DB0032437C /* mvvm-swiftUITests.xctest */,
			);
			name = Products;
			sourceTree = "<group>";
		};
		B245E57D1C8962DB0032437C /* mvvm-swift */ = {
			isa = PBXGroup;
			children = (
				B2E5C2581C8AC67700EBDAC6 /* Mockers */,
				B245E5D11C89716F0032437C /* Providers */,
				B245E5B41C8964F20032437C /* Models */,
				B245E5B31C8964E80032437C /* Views */,
				B245E5B21C8964DC0032437C /* ViewModels */,
				B245E5B11C8964CC0032437C /* ViewControllers */,
				B245E5BF1C896A8A0032437C /* Controllers */,
				B245E5B01C8964C60032437C /* Core */,
			);
			path = "mvvm-swift";
			sourceTree = "<group>";
		};
		B245E5921C8962DB0032437C /* mvvm-swiftTests */ = {
			isa = PBXGroup;
			children = (
				B245E5931C8962DB0032437C /* mvvm_swiftTests.swift */,
				B245E5951C8962DB0032437C /* Info.plist */,
			);
			path = "mvvm-swiftTests";
			sourceTree = "<group>";
		};
		B245E59D1C8962DB0032437C /* mvvm-swiftUITests */ = {
			isa = PBXGroup;
			children = (
				B245E59E1C8962DB0032437C /* mvvm_swiftUITests.swift */,
				B245E5A01C8962DB0032437C /* Info.plist */,
			);
			path = "mvvm-swiftUITests";
			sourceTree = "<group>";
		};
		B245E5B01C8964C60032437C /* Core */ = {
			isa = PBXGroup;
			children = (
				B245E5CC1C896DCB0032437C /* Utilities */,
				B245E5B51C8965880032437C /* AppDelegate.swift */,
				B245E5B61C8965880032437C /* Assets.xcassets */,
				B245E5B71C8965880032437C /* Info.plist */,
				B245E5B81C8965880032437C /* mvvm-swift-Bridging-Header.h */,
			);
			name = Core;
			sourceTree = "<group>";
		};
		B245E5B11C8964CC0032437C /* ViewControllers */ = {
			isa = PBXGroup;
			children = (
				B245E5DC1C89EBC80032437C /* BaseViewController.swift */,
				B245E5BC1C89659A0032437C /* ViewController.swift */,
				B245E5C61C896CD60032437C /* LoginViewController.swift */,
			);
			name = ViewControllers;
			sourceTree = "<group>";
		};
		B245E5B21C8964DC0032437C /* ViewModels */ = {
			isa = PBXGroup;
			children = (
				B2E5C25B1C8B4C9A00EBDAC6 /* BaseViewModel.swift */,
				B2E5C25D1C8B4CBC00EBDAC6 /* PersonImageHeaderCellViewModel.swift */,
			);
			name = ViewModels;
			sourceTree = "<group>";
		};
		B245E5B31C8964E80032437C /* Views */ = {
			isa = PBXGroup;
			children = (
				B245E5821C8962DB0032437C /* Main.storyboard */,
				B245E5C81C896D5A0032437C /* LoginTextFieldTableViewCell.swift */,
				B245E5C91C896D5A0032437C /* LoginTextFieldTableViewCell.xib */,
				B245E5DE1C89ED9D0032437C /* TwoButtonTableViewCell.swift */,
				B245E5DF1C89ED9D0032437C /* TwoButtonTableViewCell.xib */,
				B2E5C2521C8AC0EB00EBDAC6 /* ImageHeaderSubheaderTableViewCell.swift */,
				B2E5C2531C8AC0EB00EBDAC6 /* ImageHeaderSubheaderTableViewCell.xib */,
			);
			name = Views;
			sourceTree = "<group>";
		};
		B245E5B41C8964F20032437C /* Models */ = {
			isa = PBXGroup;
			children = (
				B245E5C21C896C060032437C /* BaseModel.swift */,
				B245E5C41C896C170032437C /* UserModel.swift */,
				B2E5C2501C8AC00900EBDAC6 /* PersonModel.swift */,
			);
			name = Models;
			sourceTree = "<group>";
		};
		B245E5BF1C896A8A0032437C /* Controllers */ = {
			isa = PBXGroup;
			children = (
				B245E5C01C896AAB0032437C /* FirebaseController.swift */,
			);
			name = Controllers;
			sourceTree = "<group>";
		};
		B245E5CC1C896DCB0032437C /* Utilities */ = {
			isa = PBXGroup;
			children = (
				B245E5E41C89F0F80032437C /* Constants.swift */,
				B245E5D81C89EB650032437C /* UITableView+.swift */,
				B245E5CD1C896E0A0032437C /* UITextField+.swift */,
				B245E5D61C89EB4D0032437C /* UIStoryboard+.swift */,
			);
			name = Utilities;
			sourceTree = "<group>";
		};
		B245E5D11C89716F0032437C /* Providers */ = {
			isa = PBXGroup;
			children = (
				B245E5D21C89718F0032437C /* BaseProvider.swift */,
				B245E5D41C8971A20032437C /* LoginProvider.swift */,
				B2E5C2561C8AC30300EBDAC6 /* PersonProvider.swift */,
			);
			name = Providers;
			sourceTree = "<group>";
		};
		B2E5C2581C8AC67700EBDAC6 /* Mockers */ = {
			isa = PBXGroup;
			children = (
				B2E5C2591C8AC69900EBDAC6 /* people.json */,
			);
			name = Mockers;
			sourceTree = "<group>";
		};
/* End PBXGroup section */

/* Begin PBXNativeTarget section */
		B245E57A1C8962DB0032437C /* mvvm-swift */ = {
			isa = PBXNativeTarget;
			buildConfigurationList = B245E5A31C8962DB0032437C /* Build configuration list for PBXNativeTarget "mvvm-swift" */;
			buildPhases = (
				AF5A9EE05907486ABAF561F5 /* Check Pods Manifest.lock */,
				B245E5771C8962DB0032437C /* Sources */,
				B245E5781C8962DB0032437C /* Frameworks */,
				B245E5791C8962DB0032437C /* Resources */,
				977F920F16CF29FA3F85315F /* Embed Pods Frameworks */,
				FFCEF0F424516A5F8A23D37B /* Copy Pods Resources */,
			);
			buildRules = (
			);
			dependencies = (
			);
			name = "mvvm-swift";
			productName = "mvvm-swift";
			productReference = B245E57B1C8962DB0032437C /* mvvm-swift.app */;
			productType = "com.apple.product-type.application";
		};
		B245E58E1C8962DB0032437C /* mvvm-swiftTests */ = {
			isa = PBXNativeTarget;
			buildConfigurationList = B245E5A61C8962DB0032437C /* Build configuration list for PBXNativeTarget "mvvm-swiftTests" */;
			buildPhases = (
				061D0DF07F0DD291FE878069 /* Check Pods Manifest.lock */,
				B245E58B1C8962DB0032437C /* Sources */,
				B245E58C1C8962DB0032437C /* Frameworks */,
				B245E58D1C8962DB0032437C /* Resources */,
				655A9BF380B4B0FF671EDF71 /* Embed Pods Frameworks */,
				F5C4203C303FAD5BA26EFA51 /* Copy Pods Resources */,
			);
			buildRules = (
			);
			dependencies = (
				B245E5911C8962DB0032437C /* PBXTargetDependency */,
			);
			name = "mvvm-swiftTests";
			productName = "mvvm-swiftTests";
			productReference = B245E58F1C8962DB0032437C /* mvvm-swiftTests.xctest */;
			productType = "com.apple.product-type.bundle.unit-test";
		};
		B245E5991C8962DB0032437C /* mvvm-swiftUITests */ = {
			isa = PBXNativeTarget;
			buildConfigurationList = B245E5A91C8962DB0032437C /* Build configuration list for PBXNativeTarget "mvvm-swiftUITests" */;
			buildPhases = (
				224F0E1B9FCC185A8D954DD9 /* Check Pods Manifest.lock */,
				B245E5961C8962DB0032437C /* Sources */,
				B245E5971C8962DB0032437C /* Frameworks */,
				B245E5981C8962DB0032437C /* Resources */,
				DBE3E6E08E5C909489847AB6 /* Copy Pods Resources */,
			);
			buildRules = (
			);
			dependencies = (
				B245E59C1C8962DB0032437C /* PBXTargetDependency */,
			);
			name = "mvvm-swiftUITests";
			productName = "mvvm-swiftUITests";
			productReference = B245E59A1C8962DB0032437C /* mvvm-swiftUITests.xctest */;
			productType = "com.apple.product-type.bundle.ui-testing";
		};
/* End PBXNativeTarget section */

/* Begin PBXProject section */
		B245E5731C8962DB0032437C /* Project object */ = {
			isa = PBXProject;
			attributes = {
				LastSwiftUpdateCheck = 0720;
				LastUpgradeCheck = 0720;
				ORGANIZATIONNAME = coolbnjmn;
				TargetAttributes = {
					B245E57A1C8962DB0032437C = {
						CreatedOnToolsVersion = 7.2.1;
					};
					B245E58E1C8962DB0032437C = {
						CreatedOnToolsVersion = 7.2.1;
						TestTargetID = B245E57A1C8962DB0032437C;
					};
					B245E5991C8962DB0032437C = {
						CreatedOnToolsVersion = 7.2.1;
						TestTargetID = B245E57A1C8962DB0032437C;
					};
				};
			};
			buildConfigurationList = B245E5761C8962DB0032437C /* Build configuration list for PBXProject "mvvm-swift" */;
			compatibilityVersion = "Xcode 3.2";
			developmentRegion = English;
			hasScannedForEncodings = 0;
			knownRegions = (
				en,
				Base,
			);
			mainGroup = B245E5721C8962DB0032437C;
			productRefGroup = B245E57C1C8962DB0032437C /* Products */;
			projectDirPath = "";
			projectRoot = "";
			targets = (
				B245E57A1C8962DB0032437C /* mvvm-swift */,
				B245E58E1C8962DB0032437C /* mvvm-swiftTests */,
				B245E5991C8962DB0032437C /* mvvm-swiftUITests */,
			);
		};
/* End PBXProject section */

/* Begin PBXResourcesBuildPhase section */
		B245E5791C8962DB0032437C /* Resources */ = {
			isa = PBXResourcesBuildPhase;
			buildActionMask = 2147483647;
			files = (
				B245E5BA1C8965880032437C /* Assets.xcassets in Resources */,
				B2E5C25A1C8AC69900EBDAC6 /* people.json in Resources */,
				B245E5CB1C896D5A0032437C /* LoginTextFieldTableViewCell.xib in Resources */,
				B245E5841C8962DB0032437C /* Main.storyboard in Resources */,
				B245E5E11C89ED9D0032437C /* TwoButtonTableViewCell.xib in Resources */,
				B2E5C2551C8AC0EB00EBDAC6 /* ImageHeaderSubheaderTableViewCell.xib in Resources */,
				B245E5BB1C8965880032437C /* Info.plist in Resources */,
			);
			runOnlyForDeploymentPostprocessing = 0;
		};
		B245E58D1C8962DB0032437C /* Resources */ = {
			isa = PBXResourcesBuildPhase;
			buildActionMask = 2147483647;
			files = (
			);
			runOnlyForDeploymentPostprocessing = 0;
		};
		B245E5981C8962DB0032437C /* Resources */ = {
			isa = PBXResourcesBuildPhase;
			buildActionMask = 2147483647;
			files = (
			);
			runOnlyForDeploymentPostprocessing = 0;
		};
/* End PBXResourcesBuildPhase section */

/* Begin PBXShellScriptBuildPhase section */
		061D0DF07F0DD291FE878069 /* Check Pods Manifest.lock */ = {
			isa = PBXShellScriptBuildPhase;
			buildActionMask = 2147483647;
			files = (
			);
			inputPaths = (
			);
			name = "Check Pods Manifest.lock";
			outputPaths = (
			);
			runOnlyForDeploymentPostprocessing = 0;
			shellPath = /bin/sh;
			shellScript = "diff \"${PODS_ROOT}/../Podfile.lock\" \"${PODS_ROOT}/Manifest.lock\" > /dev/null\nif [[ $? != 0 ]] ; then\n    cat << EOM\nerror: The sandbox is not in sync with the Podfile.lock. Run 'pod install' or update your CocoaPods installation.\nEOM\n    exit 1\nfi\n";
			showEnvVarsInLog = 0;
		};
		224F0E1B9FCC185A8D954DD9 /* Check Pods Manifest.lock */ = {
			isa = PBXShellScriptBuildPhase;
			buildActionMask = 2147483647;
			files = (
			);
			inputPaths = (
			);
			name = "Check Pods Manifest.lock";
			outputPaths = (
			);
			runOnlyForDeploymentPostprocessing = 0;
			shellPath = /bin/sh;
			shellScript = "diff \"${PODS_ROOT}/../Podfile.lock\" \"${PODS_ROOT}/Manifest.lock\" > /dev/null\nif [[ $? != 0 ]] ; then\n    cat << EOM\nerror: The sandbox is not in sync with the Podfile.lock. Run 'pod install' or update your CocoaPods installation.\nEOM\n    exit 1\nfi\n";
			showEnvVarsInLog = 0;
		};
		655A9BF380B4B0FF671EDF71 /* Embed Pods Frameworks */ = {
			isa = PBXShellScriptBuildPhase;
			buildActionMask = 2147483647;
			files = (
			);
			inputPaths = (
			);
			name = "Embed Pods Frameworks";
			outputPaths = (
			);
			runOnlyForDeploymentPostprocessing = 0;
			shellPath = /bin/sh;
			shellScript = "\"${SRCROOT}/Pods/Target Support Files/Pods-mvvm-swiftTests/Pods-mvvm-swiftTests-frameworks.sh\"\n";
			showEnvVarsInLog = 0;
		};
		977F920F16CF29FA3F85315F /* Embed Pods Frameworks */ = {
			isa = PBXShellScriptBuildPhase;
			buildActionMask = 2147483647;
			files = (
			);
			inputPaths = (
			);
			name = "Embed Pods Frameworks";
			outputPaths = (
			);
			runOnlyForDeploymentPostprocessing = 0;
			shellPath = /bin/sh;
			shellScript = "\"${SRCROOT}/Pods/Target Support Files/Pods-mvvm-swift/Pods-mvvm-swift-frameworks.sh\"\n";
			showEnvVarsInLog = 0;
		};
		AF5A9EE05907486ABAF561F5 /* Check Pods Manifest.lock */ = {
			isa = PBXShellScriptBuildPhase;
			buildActionMask = 2147483647;
			files = (
			);
			inputPaths = (
			);
			name = "Check Pods Manifest.lock";
			outputPaths = (
			);
			runOnlyForDeploymentPostprocessing = 0;
			shellPath = /bin/sh;
			shellScript = "diff \"${PODS_ROOT}/../Podfile.lock\" \"${PODS_ROOT}/Manifest.lock\" > /dev/null\nif [[ $? != 0 ]] ; then\n    cat << EOM\nerror: The sandbox is not in sync with the Podfile.lock. Run 'pod install' or update your CocoaPods installation.\nEOM\n    exit 1\nfi\n";
			showEnvVarsInLog = 0;
		};
		DBE3E6E08E5C909489847AB6 /* Copy Pods Resources */ = {
			isa = PBXShellScriptBuildPhase;
			buildActionMask = 2147483647;
			files = (
			);
			inputPaths = (
			);
			name = "Copy Pods Resources";
			outputPaths = (
			);
			runOnlyForDeploymentPostprocessing = 0;
			shellPath = /bin/sh;
			shellScript = "\"${SRCROOT}/Pods/Target Support Files/Pods-mvvm-swiftUITests/Pods-mvvm-swiftUITests-resources.sh\"\n";
			showEnvVarsInLog = 0;
		};
		F5C4203C303FAD5BA26EFA51 /* Copy Pods Resources */ = {
			isa = PBXShellScriptBuildPhase;
			buildActionMask = 2147483647;
			files = (
			);
			inputPaths = (
			);
			name = "Copy Pods Resources";
			outputPaths = (
			);
			runOnlyForDeploymentPostprocessing = 0;
			shellPath = /bin/sh;
			shellScript = "\"${SRCROOT}/Pods/Target Support Files/Pods-mvvm-swiftTests/Pods-mvvm-swiftTests-resources.sh\"\n";
			showEnvVarsInLog = 0;
		};
		FFCEF0F424516A5F8A23D37B /* Copy Pods Resources */ = {
			isa = PBXShellScriptBuildPhase;
			buildActionMask = 2147483647;
			files = (
			);
			inputPaths = (
			);
			name = "Copy Pods Resources";
			outputPaths = (
			);
			runOnlyForDeploymentPostprocessing = 0;
			shellPath = /bin/sh;
			shellScript = "\"${SRCROOT}/Pods/Target Support Files/Pods-mvvm-swift/Pods-mvvm-swift-resources.sh\"\n";
			showEnvVarsInLog = 0;
		};
/* End PBXShellScriptBuildPhase section */

/* Begin PBXSourcesBuildPhase section */
		B245E5771C8962DB0032437C /* Sources */ = {
			isa = PBXSourcesBuildPhase;
			buildActionMask = 2147483647;
			files = (
				B245E5E01C89ED9D0032437C /* TwoButtonTableViewCell.swift in Sources */,
				B245E5DD1C89EBC80032437C /* BaseViewController.swift in Sources */,
				B245E5C71C896CD60032437C /* LoginViewController.swift in Sources */,
				B2E5C2571C8AC30300EBDAC6 /* PersonProvider.swift in Sources */,
				B245E5D51C8971A20032437C /* LoginProvider.swift in Sources */,
				B2E5C2511C8AC00A00EBDAC6 /* PersonModel.swift in Sources */,
				B245E5C11C896AAB0032437C /* FirebaseController.swift in Sources */,
				B245E5E51C89F0F80032437C /* Constants.swift in Sources */,
				B245E5BD1C89659A0032437C /* ViewController.swift in Sources */,
				B245E5C31C896C060032437C /* BaseModel.swift in Sources */,
				B2E5C25E1C8B4CBC00EBDAC6 /* PersonImageHeaderCellViewModel.swift in Sources */,
				B245E5CA1C896D5A0032437C /* LoginTextFieldTableViewCell.swift in Sources */,
				B245E5C51C896C170032437C /* UserModel.swift in Sources */,
				B245E5D71C89EB4D0032437C /* UIStoryboard+.swift in Sources */,
				B245E5B91C8965880032437C /* AppDelegate.swift in Sources */,
				B2E5C25C1C8B4C9A00EBDAC6 /* BaseViewModel.swift in Sources */,
				B245E5D91C89EB650032437C /* UITableView+.swift in Sources */,
				B245E5CE1C896E0A0032437C /* UITextField+.swift in Sources */,
				B245E5D31C89718F0032437C /* BaseProvider.swift in Sources */,
				B2E5C2541C8AC0EB00EBDAC6 /* ImageHeaderSubheaderTableViewCell.swift in Sources */,
			);
			runOnlyForDeploymentPostprocessing = 0;
		};
		B245E58B1C8962DB0032437C /* Sources */ = {
			isa = PBXSourcesBuildPhase;
			buildActionMask = 2147483647;
			files = (
				B245E5941C8962DB0032437C /* mvvm_swiftTests.swift in Sources */,
			);
			runOnlyForDeploymentPostprocessing = 0;
		};
		B245E5961C8962DB0032437C /* Sources */ = {
			isa = PBXSourcesBuildPhase;
			buildActionMask = 2147483647;
			files = (
				B245E59F1C8962DB0032437C /* mvvm_swiftUITests.swift in Sources */,
			);
			runOnlyForDeploymentPostprocessing = 0;
		};
/* End PBXSourcesBuildPhase section */

/* Begin PBXTargetDependency section */
		B245E5911C8962DB0032437C /* PBXTargetDependency */ = {
			isa = PBXTargetDependency;
			target = B245E57A1C8962DB0032437C /* mvvm-swift */;
			targetProxy = B245E5901C8962DB0032437C /* PBXContainerItemProxy */;
		};
		B245E59C1C8962DB0032437C /* PBXTargetDependency */ = {
			isa = PBXTargetDependency;
			target = B245E57A1C8962DB0032437C /* mvvm-swift */;
			targetProxy = B245E59B1C8962DB0032437C /* PBXContainerItemProxy */;
		};
/* End PBXTargetDependency section */

/* Begin PBXVariantGroup section */
		B245E5821C8962DB0032437C /* Main.storyboard */ = {
			isa = PBXVariantGroup;
			children = (
				B245E5831C8962DB0032437C /* Base */,
			);
			name = Main.storyboard;
			sourceTree = "<group>";
		};
/* End PBXVariantGroup section */

/* Begin XCBuildConfiguration section */
		B245E5A11C8962DB0032437C /* Debug */ = {
			isa = XCBuildConfiguration;
			buildSettings = {
				ALWAYS_SEARCH_USER_PATHS = NO;
				CLANG_CXX_LANGUAGE_STANDARD = "gnu++0x";
				CLANG_CXX_LIBRARY = "libc++";
				CLANG_ENABLE_MODULES = YES;
				CLANG_ENABLE_OBJC_ARC = YES;
				CLANG_WARN_BOOL_CONVERSION = YES;
				CLANG_WARN_CONSTANT_CONVERSION = YES;
				CLANG_WARN_DIRECT_OBJC_ISA_USAGE = YES_ERROR;
				CLANG_WARN_EMPTY_BODY = YES;
				CLANG_WARN_ENUM_CONVERSION = YES;
				CLANG_WARN_INT_CONVERSION = YES;
				CLANG_WARN_OBJC_ROOT_CLASS = YES_ERROR;
				CLANG_WARN_UNREACHABLE_CODE = YES;
				CLANG_WARN__DUPLICATE_METHOD_MATCH = YES;
				"CODE_SIGN_IDENTITY[sdk=iphoneos*]" = "iPhone Developer";
				COPY_PHASE_STRIP = NO;
				DEBUG_INFORMATION_FORMAT = dwarf;
				ENABLE_STRICT_OBJC_MSGSEND = YES;
				ENABLE_TESTABILITY = YES;
				GCC_C_LANGUAGE_STANDARD = gnu99;
				GCC_DYNAMIC_NO_PIC = NO;
				GCC_NO_COMMON_BLOCKS = YES;
				GCC_OPTIMIZATION_LEVEL = 0;
				GCC_PREPROCESSOR_DEFINITIONS = (
					"DEBUG=1",
					"$(inherited)",
				);
				GCC_WARN_64_TO_32_BIT_CONVERSION = YES;
				GCC_WARN_ABOUT_RETURN_TYPE = YES_ERROR;
				GCC_WARN_UNDECLARED_SELECTOR = YES;
				GCC_WARN_UNINITIALIZED_AUTOS = YES_AGGRESSIVE;
				GCC_WARN_UNUSED_FUNCTION = YES;
				GCC_WARN_UNUSED_VARIABLE = YES;
				IPHONEOS_DEPLOYMENT_TARGET = 9.2;
				MTL_ENABLE_DEBUG_INFO = YES;
				ONLY_ACTIVE_ARCH = YES;
				SDKROOT = iphoneos;
				SWIFT_OPTIMIZATION_LEVEL = "-Onone";
			};
			name = Debug;
		};
		B245E5A21C8962DB0032437C /* Release */ = {
			isa = XCBuildConfiguration;
			buildSettings = {
				ALWAYS_SEARCH_USER_PATHS = NO;
				CLANG_CXX_LANGUAGE_STANDARD = "gnu++0x";
				CLANG_CXX_LIBRARY = "libc++";
				CLANG_ENABLE_MODULES = YES;
				CLANG_ENABLE_OBJC_ARC = YES;
				CLANG_WARN_BOOL_CONVERSION = YES;
				CLANG_WARN_CONSTANT_CONVERSION = YES;
				CLANG_WARN_DIRECT_OBJC_ISA_USAGE = YES_ERROR;
				CLANG_WARN_EMPTY_BODY = YES;
				CLANG_WARN_ENUM_CONVERSION = YES;
				CLANG_WARN_INT_CONVERSION = YES;
				CLANG_WARN_OBJC_ROOT_CLASS = YES_ERROR;
				CLANG_WARN_UNREACHABLE_CODE = YES;
				CLANG_WARN__DUPLICATE_METHOD_MATCH = YES;
				"CODE_SIGN_IDENTITY[sdk=iphoneos*]" = "iPhone Developer";
				COPY_PHASE_STRIP = NO;
				DEBUG_INFORMATION_FORMAT = "dwarf-with-dsym";
				ENABLE_NS_ASSERTIONS = NO;
				ENABLE_STRICT_OBJC_MSGSEND = YES;
				GCC_C_LANGUAGE_STANDARD = gnu99;
				GCC_NO_COMMON_BLOCKS = YES;
				GCC_WARN_64_TO_32_BIT_CONVERSION = YES;
				GCC_WARN_ABOUT_RETURN_TYPE = YES_ERROR;
				GCC_WARN_UNDECLARED_SELECTOR = YES;
				GCC_WARN_UNINITIALIZED_AUTOS = YES_AGGRESSIVE;
				GCC_WARN_UNUSED_FUNCTION = YES;
				GCC_WARN_UNUSED_VARIABLE = YES;
				IPHONEOS_DEPLOYMENT_TARGET = 9.2;
				MTL_ENABLE_DEBUG_INFO = NO;
				SDKROOT = iphoneos;
				VALIDATE_PRODUCT = YES;
			};
			name = Release;
		};
		B245E5A41C8962DB0032437C /* Debug */ = {
			isa = XCBuildConfiguration;
			baseConfigurationReference = 2E0CF11A3EAD73BFD96C9EFC /* Pods-mvvm-swift.debug.xcconfig */;
			buildSettings = {
				ASSETCATALOG_COMPILER_APPICON_NAME = AppIcon;
				ASSETCATALOG_COMPILER_LAUNCHIMAGE_NAME = LaunchImage;
				CLANG_ENABLE_MODULES = YES;
				INFOPLIST_FILE = "mvvm-swift/Core/Info.plist";
				IPHONEOS_DEPLOYMENT_TARGET = 9.2;
				LD_RUNPATH_SEARCH_PATHS = "$(inherited) @executable_path/Frameworks";
				PRODUCT_BUNDLE_IDENTIFIER = "coolbnjmn.mvvm-swift";
				PRODUCT_NAME = "$(TARGET_NAME)";
				SWIFT_OBJC_BRIDGING_HEADER = "mvvm-swift/Core/mvvm-swift-Bridging-Header.h";
				SWIFT_OPTIMIZATION_LEVEL = "-Onone";
			};
			name = Debug;
		};
		B245E5A51C8962DB0032437C /* Release */ = {
			isa = XCBuildConfiguration;
			baseConfigurationReference = 17FAB22836B8E316334CFE2D /* Pods-mvvm-swift.release.xcconfig */;
			buildSettings = {
				ASSETCATALOG_COMPILER_APPICON_NAME = AppIcon;
				ASSETCATALOG_COMPILER_LAUNCHIMAGE_NAME = LaunchImage;
				CLANG_ENABLE_MODULES = YES;
				INFOPLIST_FILE = "mvvm-swift/Core/Info.plist";
				IPHONEOS_DEPLOYMENT_TARGET = 9.2;
				LD_RUNPATH_SEARCH_PATHS = "$(inherited) @executable_path/Frameworks";
				PRODUCT_BUNDLE_IDENTIFIER = "coolbnjmn.mvvm-swift";
				PRODUCT_NAME = "$(TARGET_NAME)";
				SWIFT_OBJC_BRIDGING_HEADER = "mvvm-swift/Core/mvvm-swift-Bridging-Header.h";
			};
			name = Release;
		};
		B245E5A71C8962DB0032437C /* Debug */ = {
			isa = XCBuildConfiguration;
			baseConfigurationReference = A931EB5BB92B36AB6BB96501 /* Pods-mvvm-swiftTests.debug.xcconfig */;
			buildSettings = {
				BUNDLE_LOADER = "$(TEST_HOST)";
				INFOPLIST_FILE = "mvvm-swiftTests/Info.plist";
				LD_RUNPATH_SEARCH_PATHS = "$(inherited) @executable_path/Frameworks @loader_path/Frameworks";
				PRODUCT_BUNDLE_IDENTIFIER = "coolbnjmn.mvvm-swiftTests";
				PRODUCT_NAME = "$(TARGET_NAME)";
				TEST_HOST = "$(BUILT_PRODUCTS_DIR)/mvvm-swift.app/mvvm-swift";
			};
			name = Debug;
		};
		B245E5A81C8962DB0032437C /* Release */ = {
			isa = XCBuildConfiguration;
			baseConfigurationReference = 9693E3F56280F27DE6DCA8D8 /* Pods-mvvm-swiftTests.release.xcconfig */;
			buildSettings = {
				BUNDLE_LOADER = "$(TEST_HOST)";
				INFOPLIST_FILE = "mvvm-swiftTests/Info.plist";
				LD_RUNPATH_SEARCH_PATHS = "$(inherited) @executable_path/Frameworks @loader_path/Frameworks";
				PRODUCT_BUNDLE_IDENTIFIER = "coolbnjmn.mvvm-swiftTests";
				PRODUCT_NAME = "$(TARGET_NAME)";
				TEST_HOST = "$(BUILT_PRODUCTS_DIR)/mvvm-swift.app/mvvm-swift";
			};
			name = Release;
		};
		B245E5AA1C8962DB0032437C /* Debug */ = {
			isa = XCBuildConfiguration;
			baseConfigurationReference = CC769C98D04A4FE472C6C93E /* Pods-mvvm-swiftUITests.debug.xcconfig */;
			buildSettings = {
				INFOPLIST_FILE = "mvvm-swiftUITests/Info.plist";
				LD_RUNPATH_SEARCH_PATHS = "$(inherited) @executable_path/Frameworks @loader_path/Frameworks";
				PRODUCT_BUNDLE_IDENTIFIER = "coolbnjmn.mvvm-swiftUITests";
				PRODUCT_NAME = "$(TARGET_NAME)";
				TEST_TARGET_NAME = "mvvm-swift";
				USES_XCTRUNNER = YES;
			};
			name = Debug;
		};
		B245E5AB1C8962DB0032437C /* Release */ = {
			isa = XCBuildConfiguration;
			baseConfigurationReference = FE857CC1BBF7C9D3A65915ED /* Pods-mvvm-swiftUITests.release.xcconfig */;
			buildSettings = {
				INFOPLIST_FILE = "mvvm-swiftUITests/Info.plist";
				LD_RUNPATH_SEARCH_PATHS = "$(inherited) @executable_path/Frameworks @loader_path/Frameworks";
				PRODUCT_BUNDLE_IDENTIFIER = "coolbnjmn.mvvm-swiftUITests";
				PRODUCT_NAME = "$(TARGET_NAME)";
				TEST_TARGET_NAME = "mvvm-swift";
				USES_XCTRUNNER = YES;
			};
			name = Release;
		};
/* End XCBuildConfiguration section */

/* Begin XCConfigurationList section */
		B245E5761C8962DB0032437C /* Build configuration list for PBXProject "mvvm-swift" */ = {
			isa = XCConfigurationList;
			buildConfigurations = (
				B245E5A11C8962DB0032437C /* Debug */,
				B245E5A21C8962DB0032437C /* Release */,
			);
			defaultConfigurationIsVisible = 0;
			defaultConfigurationName = Release;
		};
		B245E5A31C8962DB0032437C /* Build configuration list for PBXNativeTarget "mvvm-swift" */ = {
			isa = XCConfigurationList;
			buildConfigurations = (
				B245E5A41C8962DB0032437C /* Debug */,
				B245E5A51C8962DB0032437C /* Release */,
			);
			defaultConfigurationIsVisible = 0;
			defaultConfigurationName = Release;
		};
		B245E5A61C8962DB0032437C /* Build configuration list for PBXNativeTarget "mvvm-swiftTests" */ = {
			isa = XCConfigurationList;
			buildConfigurations = (
				B245E5A71C8962DB0032437C /* Debug */,
				B245E5A81C8962DB0032437C /* Release */,
			);
			defaultConfigurationIsVisible = 0;
			defaultConfigurationName = Release;
		};
		B245E5A91C8962DB0032437C /* Build configuration list for PBXNativeTarget "mvvm-swiftUITests" */ = {
			isa = XCConfigurationList;
			buildConfigurations = (
				B245E5AA1C8962DB0032437C /* Debug */,
				B245E5AB1C8962DB0032437C /* Release */,
			);
			defaultConfigurationIsVisible = 0;
			defaultConfigurationName = Release;
		};
/* End XCConfigurationList section */
	};
	rootObject = B245E5731C8962DB0032437C /* Project object */;
}
